{
  "name": "@jonathlima/orquestra",
  "version": "0.1.1",
  "lockfileVersion": 3,
  "requires": true,
  "packages": {
    "": {
      "name": "@jonathlima/orquestra",
      "version": "0.1.1",
      "license": "AGPL-3.0-only",
      "bin": {
        "orquestra": "index.cjs"
      },
      "engines": {
        "node": ">=20"
      },
      "optionalDependencies": {
        "@jonathlima/orquestra-darwin-arm64": "0.1.1",
        "@jonathlima/orquestra-darwin-x64": "0.1.1",
        "@jonathlima/orquestra-linux-arm64": "0.1.1",
        "@jonathlima/orquestra-linux-x64": "0.1.1",
        "@jonathlima/orquestra-win32-x64": "0.1.1"
      }
    },
    "node_modules/@jonathlima/orquestra-darwin-arm64": {
      "optional": true
    },
    "node_modules/@jonathlima/orquestra-darwin-x64": {
      "optional": true
    },
    "node_modules/@jonathlima/orquestra-linux-arm64": {
      "optional": true
    },
    "node_modules/@jonathlima/orquestra-linux-x64": {
      "optional": true
    },
    "node_modules/@jonathlima/orquestra-win32-x64": {
      "optional": true
    }
  }
}
